
Microsoft Visual Studio Solution File, Format Version 12.00
# Visual Studio Version 17
VisualStudioVersion = 17.6.33829.357
MinimumVisualStudioVersion = 10.0.40219.1
Project("{8BC9CEB8-8B4A-11D0-8D11-00A0C91BC942}") = "Project1", "Project1\Project1.vcxproj", "{BC24ECEB-2E21-4BA4-B2B1-CACA308E2724}"
EndProject
Project("{8BC9CEB8-8B4A-11D0-8D11-00A0C91BC942}") = "Project2", "Project2\Project2.vcxproj", "{C15AA8EA-D8BA-4CB2-BBA0-2215068D7652}"
EndProject
Project("{8BC9CEB8-8B4A-11D0-8D11-00A0C91BC942}") = "RandomStuff", "RandomStuff\RandomStuff.vcxproj", "{F5BE0640-255B-40E3-89E8-0D23380384D8}"
EndProject
Project("{8BC9CEB8-8B4A-11D0-8D11-00A0C91BC942}") = "ExtraCredit", "ExtraCredit\ExtraCredit.vcxproj", "{48C9BA88-FE68-4054-AA1E-E3CBA83C4A0E}"
Project("{8BC9CEB8-8B4A-11D0-8D11-00A0C91BC942}") = "Project3", "Project3\Project3.vcxproj", "{4DCC5EBC-5356-4AA2-A80D-EBED29E7DCC8}"
EndProject
Project("{8BC9CEB8-8B4A-11D0-8D11-00A0C91BC942}") = "ExtraCredit", "ExtraCredit\ExtraCredit.vcxproj", "{48C9BA88-FE68-4054-AA1E-E3CBA83C4A0E}"
Project("{8BC9CEB8-8B4A-11D0-8D11-00A0C91BC942}") = "test", "test\test.vcxproj", "{94151434-6E53-45BB-AB86-6C3D915A2FF5}"
EndProject
Project("{8BC9CEB8-8B4A-11D0-8D11-00A0C91BC942}") = "other", "other\other.vcxproj", "{315E4BF1-7E90-4E17-A100-4FCA7005649E}"
EndProject
Project("{8BC9CEB8-8B4A-11D0-8D11-00A0C91BC942}") = "Project4", "Project4\Project4.vcxproj", "{7C660EFF-3BC8-4D25-9A08-3BCDAD8F5447}"
EndProject
Global
	GlobalSection(SolutionConfigurationPlatforms) = preSolution
		Debug|x64 = Debug|x64
		Debug|x86 = Debug|x86
		Release|x64 = Release|x64
		Release|x86 = Release|x86
	EndGlobalSection
	GlobalSection(ProjectConfigurationPlatforms) = postSolution
		{BC24ECEB-2E21-4BA4-B2B1-CACA308E2724}.Debug|x64.ActiveCfg = Debug|x64
		{BC24ECEB-2E21-4BA4-B2B1-CACA308E2724}.Debug|x64.Build.0 = Debug|x64
		{BC24ECEB-2E21-4BA4-B2B1-CACA308E2724}.Debug|x86.ActiveCfg = Debug|Win32
		{BC24ECEB-2E21-4BA4-B2B1-CACA308E2724}.Debug|x86.Build.0 = Debug|Win32
		{BC24ECEB-2E21-4BA4-B2B1-CACA308E2724}.Release|x64.ActiveCfg = Release|x64
		{BC24ECEB-2E21-4BA4-B2B1-CACA308E2724}.Release|x64.Build.0 = Release|x64
		{BC24ECEB-2E21-4BA4-B2B1-CACA308E2724}.Release|x86.ActiveCfg = Release|Win32
		{BC24ECEB-2E21-4BA4-B2B1-CACA308E2724}.Release|x86.Build.0 = Release|Win32
		{C15AA8EA-D8BA-4CB2-BBA0-2215068D7652}.Debug|x64.ActiveCfg = Debug|x64
		{C15AA8EA-D8BA-4CB2-BBA0-2215068D7652}.Debug|x64.Build.0 = Debug|x64
		{C15AA8EA-D8BA-4CB2-BBA0-2215068D7652}.Debug|x86.ActiveCfg = Debug|Win32
		{C15AA8EA-D8BA-4CB2-BBA0-2215068D7652}.Debug|x86.Build.0 = Debug|Win32
		{C15AA8EA-D8BA-4CB2-BBA0-2215068D7652}.Release|x64.ActiveCfg = Release|x64
		{C15AA8EA-D8BA-4CB2-BBA0-2215068D7652}.Release|x64.Build.0 = Release|x64
		{C15AA8EA-D8BA-4CB2-BBA0-2215068D7652}.Release|x86.ActiveCfg = Release|Win32
		{C15AA8EA-D8BA-4CB2-BBA0-2215068D7652}.Release|x86.Build.0 = Release|Win32
		{F5BE0640-255B-40E3-89E8-0D23380384D8}.Debug|x64.ActiveCfg = Debug|x64
		{F5BE0640-255B-40E3-89E8-0D23380384D8}.Debug|x64.Build.0 = Debug|x64
		{F5BE0640-255B-40E3-89E8-0D23380384D8}.Debug|x86.ActiveCfg = Debug|Win32
		{F5BE0640-255B-40E3-89E8-0D23380384D8}.Debug|x86.Build.0 = Debug|Win32
		{F5BE0640-255B-40E3-89E8-0D23380384D8}.Release|x64.ActiveCfg = Release|x64
		{F5BE0640-255B-40E3-89E8-0D23380384D8}.Release|x64.Build.0 = Release|x64
		{F5BE0640-255B-40E3-89E8-0D23380384D8}.Release|x86.ActiveCfg = Release|Win32
		{F5BE0640-255B-40E3-89E8-0D23380384D8}.Release|x86.Build.0 = Release|Win32
		{4DCC5EBC-5356-4AA2-A80D-EBED29E7DCC8}.Debug|x64.ActiveCfg = Debug|x64
		{4DCC5EBC-5356-4AA2-A80D-EBED29E7DCC8}.Debug|x64.Build.0 = Debug|x64
		{4DCC5EBC-5356-4AA2-A80D-EBED29E7DCC8}.Debug|x86.ActiveCfg = Debug|Win32
		{4DCC5EBC-5356-4AA2-A80D-EBED29E7DCC8}.Debug|x86.Build.0 = Debug|Win32
		{4DCC5EBC-5356-4AA2-A80D-EBED29E7DCC8}.Release|x64.ActiveCfg = Release|x64
		{4DCC5EBC-5356-4AA2-A80D-EBED29E7DCC8}.Release|x64.Build.0 = Release|x64
		{4DCC5EBC-5356-4AA2-A80D-EBED29E7DCC8}.Release|x86.ActiveCfg = Release|Win32
		{4DCC5EBC-5356-4AA2-A80D-EBED29E7DCC8}.Release|x86.Build.0 = Release|Win32
		{48C9BA88-FE68-4054-AA1E-E3CBA83C4A0E}.Debug|x64.ActiveCfg = Debug|x64
		{48C9BA88-FE68-4054-AA1E-E3CBA83C4A0E}.Debug|x64.Build.0 = Debug|x64
		{48C9BA88-FE68-4054-AA1E-E3CBA83C4A0E}.Debug|x86.ActiveCfg = Debug|Win32
		{48C9BA88-FE68-4054-AA1E-E3CBA83C4A0E}.Debug|x86.Build.0 = Debug|Win32
		{48C9BA88-FE68-4054-AA1E-E3CBA83C4A0E}.Release|x64.ActiveCfg = Release|x64
		{48C9BA88-FE68-4054-AA1E-E3CBA83C4A0E}.Release|x64.Build.0 = Release|x64
		{48C9BA88-FE68-4054-AA1E-E3CBA83C4A0E}.Release|x86.ActiveCfg = Release|Win32
		{48C9BA88-FE68-4054-AA1E-E3CBA83C4A0E}.Release|x86.Build.0 = Release|Win32
		{7C660EFF-3BC8-4D25-9A08-3BCDAD8F5447}.Debug|x64.ActiveCfg = Debug|x64
		{7C660EFF-3BC8-4D25-9A08-3BCDAD8F5447}.Debug|x64.Build.0 = Debug|x64
		{7C660EFF-3BC8-4D25-9A08-3BCDAD8F5447}.Debug|x86.ActiveCfg = Debug|Win32
		{7C660EFF-3BC8-4D25-9A08-3BCDAD8F5447}.Debug|x86.Build.0 = Debug|Win32
		{7C660EFF-3BC8-4D25-9A08-3BCDAD8F5447}.Release|x64.ActiveCfg = Release|x64
		{7C660EFF-3BC8-4D25-9A08-3BCDAD8F5447}.Release|x64.Build.0 = Release|x64
		{7C660EFF-3BC8-4D25-9A08-3BCDAD8F5447}.Release|x86.ActiveCfg = Release|Win32
		{7C660EFF-3BC8-4D25-9A08-3BCDAD8F5447}.Release|x86.Build.0 = Release|Win32
		{94151434-6E53-45BB-AB86-6C3D915A2FF5}.Debug|x64.ActiveCfg = Debug|x64
		{94151434-6E53-45BB-AB86-6C3D915A2FF5}.Debug|x64.Build.0 = Debug|x64
		{94151434-6E53-45BB-AB86-6C3D915A2FF5}.Debug|x86.ActiveCfg = Debug|Win32
		{94151434-6E53-45BB-AB86-6C3D915A2FF5}.Debug|x86.Build.0 = Debug|Win32
		{94151434-6E53-45BB-AB86-6C3D915A2FF5}.Release|x64.ActiveCfg = Release|x64
		{94151434-6E53-45BB-AB86-6C3D915A2FF5}.Release|x64.Build.0 = Release|x64
		{94151434-6E53-45BB-AB86-6C3D915A2FF5}.Release|x86.ActiveCfg = Release|Win32
		{94151434-6E53-45BB-AB86-6C3D915A2FF5}.Release|x86.Build.0 = Release|Win32
		{315E4BF1-7E90-4E17-A100-4FCA7005649E}.Debug|x64.ActiveCfg = Debug|x64
		{315E4BF1-7E90-4E17-A100-4FCA7005649E}.Debug|x64.Build.0 = Debug|x64
		{315E4BF1-7E90-4E17-A100-4FCA7005649E}.Debug|x86.ActiveCfg = Debug|Win32
		{315E4BF1-7E90-4E17-A100-4FCA7005649E}.Debug|x86.Build.0 = Debug|Win32
		{315E4BF1-7E90-4E17-A100-4FCA7005649E}.Release|x64.ActiveCfg = Release|x64
		{315E4BF1-7E90-4E17-A100-4FCA7005649E}.Release|x64.Build.0 = Release|x64
		{315E4BF1-7E90-4E17-A100-4FCA7005649E}.Release|x86.ActiveCfg = Release|Win32
		{315E4BF1-7E90-4E17-A100-4FCA7005649E}.Release|x86.Build.0 = Release|Win32
	EndGlobalSection
	GlobalSection(SolutionProperties) = preSolution
		HideSolutionNode = FALSE
	EndGlobalSection
	GlobalSection(ExtensibilityGlobals) = postSolution
		SolutionGuid = {F2DC60CF-5415-46CB-B735-B5695E0C8853}
	EndGlobalSection
EndGlobal
